
Microsoft Visual Studio Solution File, Format Version 12.00
# Visual Studio Version 17
VisualStudioVersion = 17.9.34607.119
MinimumVisualStudioVersion = 10.0.40219.1
Project("{2150E333-8FDC-42A3-9474-1A3956D46DE8}") = "src", "src", "{304D4E46-BE03-4D41-85C1-82AF01EEED4F}"
EndProject
Project("{2150E333-8FDC-42A3-9474-1A3956D46DE8}") = "Presentation", "Presentation", "{C8BE89EB-7854-4BCA-81EC-5DCECEF863B7}"
EndProject
Project("{2150E333-8FDC-42A3-9474-1A3956D46DE8}") = "Contexts", "Contexts", "{9BBE4878-4F97-4123-AE04-8530B96D38DC}"
EndProject
Project("{9A19103F-16F7-4668-BE54-9A1E7A4F7556}") = "HealthMed.Api", "src\Presentation\HealthMed.Api\HealthMed.Api.csproj", "{683BF724-5663-4854-9BF0-8CE3BBE45D83}"
EndProject
Project("{2150E333-8FDC-42A3-9474-1A3956D46DE8}") = "Patient", "Patient", "{8EAA731A-C88C-4A30-81B4-72CD18A8669B}"
EndProject
Project("{2150E333-8FDC-42A3-9474-1A3956D46DE8}") = "Doctor", "Doctor", "{23249FAA-2E8A-419C-A338-4973ADF0AF2C}"
EndProject
Project("{9A19103F-16F7-4668-BE54-9A1E7A4F7556}") = "HealthMed.Patient.Domain", "src\Contexts\Patient\HealthMed.Patient.Domain\HealthMed.Patient.Domain.csproj", "{B94123B0-ED63-475D-AB26-A7DF0758E687}"
EndProject
Project("{2150E333-8FDC-42A3-9474-1A3956D46DE8}") = "Common", "Common", "{3CB379A8-C4B1-4739-98BE-0DC25F1DE2BB}"
EndProject
Project("{9A19103F-16F7-4668-BE54-9A1E7A4F7556}") = "HealthMed.Common", "src\Common\HealthMed.Common\HealthMed.Common.csproj", "{06433F41-1E29-4D02-9B7F-49CEAE8E123E}"
EndProject
Project("{9A19103F-16F7-4668-BE54-9A1E7A4F7556}") = "HealthMed.Patient.Application", "src\Contexts\Patient\HealthMed.Patient.Application\HealthMed.Patient.Application.csproj", "{3102D84F-22E1-4AAE-A777-BB0BC4AB63FD}"
EndProject
Project("{9A19103F-16F7-4668-BE54-9A1E7A4F7556}") = "HealthMed.Patient.Infrastructure", "src\Contexts\Patient\HealthMed.Patient.Infrastructure\HealthMed.Patient.Infrastructure.csproj", "{B7B40E76-74EA-444C-87BE-767B228FFA49}"
EndProject
Project("{9A19103F-16F7-4668-BE54-9A1E7A4F7556}") = "HealthMed.Doctor.Domain", "src\Contexts\Doctor\HealthMed.Doctor.Domain\HealthMed.Doctor.Domain.csproj", "{A37D13A3-EC25-4C4B-8624-9CCBE8B90C91}"
EndProject
Project("{9A19103F-16F7-4668-BE54-9A1E7A4F7556}") = "HealthMed.Doctor.Application", "src\Contexts\Doctor\HealthMed.Doctor.Application\HealthMed.Doctor.Application.csproj", "{EBBE6915-A4E8-4392-8272-C7F5CD40299F}"
EndProject
Project("{9A19103F-16F7-4668-BE54-9A1E7A4F7556}") = "HealthMed.Doctor.Infrastructure", "src\Contexts\Doctor\HealthMed.Doctor.Infrastructure\HealthMed.Doctor.Infrastructure.csproj", "{BA33BFA0-642F-4B10-B527-DE9F5B805B24}"
EndProject
Project("{9A19103F-16F7-4668-BE54-9A1E7A4F7556}") = "HealthMed.Doctor.IoC", "src\Contexts\Doctor\HealthMed.Doctor.IoC\HealthMed.Doctor.IoC.csproj", "{275BA01A-1C4B-4033-BD8A-B063F8842719}"
EndProject
Project("{9A19103F-16F7-4668-BE54-9A1E7A4F7556}") = "HealthMed.Patient.IoC", "src\Contexts\Patient\HealthMed.Patient.IoC\HealthMed.Patient.IoC.csproj", "{EAD7DBE4-FDFB-4780-A51B-5861897C1E54}"
EndProject
Project("{2150E333-8FDC-42A3-9474-1A3956D46DE8}") = "Solution Items", "Solution Items", "{0F99BC8C-BB41-4E33-81F9-FE8AB83FDEA6}"
	ProjectSection(SolutionItems) = preProject
		.github\workflows\deploy.yml = .github\workflows\deploy.yml
		Terraform\main.tf = Terraform\main.tf
		README.md = README.md
	EndProjectSection
EndProject
Global
	GlobalSection(SolutionConfigurationPlatforms) = preSolution
		Debug|Any CPU = Debug|Any CPU
		Release|Any CPU = Release|Any CPU
	EndGlobalSection
	GlobalSection(ProjectConfigurationPlatforms) = postSolution
		{683BF724-5663-4854-9BF0-8CE3BBE45D83}.Debug|Any CPU.ActiveCfg = Debug|Any CPU
		{683BF724-5663-4854-9BF0-8CE3BBE45D83}.Debug|Any CPU.Build.0 = Debug|Any CPU
		{683BF724-5663-4854-9BF0-8CE3BBE45D83}.Release|Any CPU.ActiveCfg = Release|Any CPU
		{683BF724-5663-4854-9BF0-8CE3BBE45D83}.Release|Any CPU.Build.0 = Release|Any CPU
		{B94123B0-ED63-475D-AB26-A7DF0758E687}.Debug|Any CPU.ActiveCfg = Debug|Any CPU
		{B94123B0-ED63-475D-AB26-A7DF0758E687}.Debug|Any CPU.Build.0 = Debug|Any CPU
		{B94123B0-ED63-475D-AB26-A7DF0758E687}.Release|Any CPU.ActiveCfg = Release|Any CPU
		{B94123B0-ED63-475D-AB26-A7DF0758E687}.Release|Any CPU.Build.0 = Release|Any CPU
		{06433F41-1E29-4D02-9B7F-49CEAE8E123E}.Debug|Any CPU.ActiveCfg = Debug|Any CPU
		{06433F41-1E29-4D02-9B7F-49CEAE8E123E}.Debug|Any CPU.Build.0 = Debug|Any CPU
		{06433F41-1E29-4D02-9B7F-49CEAE8E123E}.Release|Any CPU.ActiveCfg = Release|Any CPU
		{06433F41-1E29-4D02-9B7F-49CEAE8E123E}.Release|Any CPU.Build.0 = Release|Any CPU
		{3102D84F-22E1-4AAE-A777-BB0BC4AB63FD}.Debug|Any CPU.ActiveCfg = Debug|Any CPU
		{3102D84F-22E1-4AAE-A777-BB0BC4AB63FD}.Debug|Any CPU.Build.0 = Debug|Any CPU
		{3102D84F-22E1-4AAE-A777-BB0BC4AB63FD}.Release|Any CPU.ActiveCfg = Release|Any CPU
		{3102D84F-22E1-4AAE-A777-BB0BC4AB63FD}.Release|Any CPU.Build.0 = Release|Any CPU
		{B7B40E76-74EA-444C-87BE-767B228FFA49}.Debug|Any CPU.ActiveCfg = Debug|Any CPU
		{B7B40E76-74EA-444C-87BE-767B228FFA49}.Debug|Any CPU.Build.0 = Debug|Any CPU
		{B7B40E76-74EA-444C-87BE-767B228FFA49}.Release|Any CPU.ActiveCfg = Release|Any CPU
		{B7B40E76-74EA-444C-87BE-767B228FFA49}.Release|Any CPU.Build.0 = Release|Any CPU
		{A37D13A3-EC25-4C4B-8624-9CCBE8B90C91}.Debug|Any CPU.ActiveCfg = Debug|Any CPU
		{A37D13A3-EC25-4C4B-8624-9CCBE8B90C91}.Debug|Any CPU.Build.0 = Debug|Any CPU
		{A37D13A3-EC25-4C4B-8624-9CCBE8B90C91}.Release|Any CPU.ActiveCfg = Release|Any CPU
		{A37D13A3-EC25-4C4B-8624-9CCBE8B90C91}.Release|Any CPU.Build.0 = Release|Any CPU
		{EBBE6915-A4E8-4392-8272-C7F5CD40299F}.Debug|Any CPU.ActiveCfg = Debug|Any CPU
		{EBBE6915-A4E8-4392-8272-C7F5CD40299F}.Debug|Any CPU.Build.0 = Debug|Any CPU
		{EBBE6915-A4E8-4392-8272-C7F5CD40299F}.Release|Any CPU.ActiveCfg = Release|Any CPU
		{EBBE6915-A4E8-4392-8272-C7F5CD40299F}.Release|Any CPU.Build.0 = Release|Any CPU
		{BA33BFA0-642F-4B10-B527-DE9F5B805B24}.Debug|Any CPU.ActiveCfg = Debug|Any CPU
		{BA33BFA0-642F-4B10-B527-DE9F5B805B24}.Debug|Any CPU.Build.0 = Debug|Any CPU
		{BA33BFA0-642F-4B10-B527-DE9F5B805B24}.Release|Any CPU.ActiveCfg = Release|Any CPU
		{BA33BFA0-642F-4B10-B527-DE9F5B805B24}.Release|Any CPU.Build.0 = Release|Any CPU
		{275BA01A-1C4B-4033-BD8A-B063F8842719}.Debug|Any CPU.ActiveCfg = Debug|Any CPU
		{275BA01A-1C4B-4033-BD8A-B063F8842719}.Debug|Any CPU.Build.0 = Debug|Any CPU
		{275BA01A-1C4B-4033-BD8A-B063F8842719}.Release|Any CPU.ActiveCfg = Release|Any CPU
		{275BA01A-1C4B-4033-BD8A-B063F8842719}.Release|Any CPU.Build.0 = Release|Any CPU
		{EAD7DBE4-FDFB-4780-A51B-5861897C1E54}.Debug|Any CPU.ActiveCfg = Debug|Any CPU
		{EAD7DBE4-FDFB-4780-A51B-5861897C1E54}.Debug|Any CPU.Build.0 = Debug|Any CPU
		{EAD7DBE4-FDFB-4780-A51B-5861897C1E54}.Release|Any CPU.ActiveCfg = Release|Any CPU
		{EAD7DBE4-FDFB-4780-A51B-5861897C1E54}.Release|Any CPU.Build.0 = Release|Any CPU
	EndGlobalSection
	GlobalSection(SolutionProperties) = preSolution
		HideSolutionNode = FALSE
	EndGlobalSection
	GlobalSection(NestedProjects) = preSolution
		{C8BE89EB-7854-4BCA-81EC-5DCECEF863B7} = {304D4E46-BE03-4D41-85C1-82AF01EEED4F}
		{9BBE4878-4F97-4123-AE04-8530B96D38DC} = {304D4E46-BE03-4D41-85C1-82AF01EEED4F}
		{683BF724-5663-4854-9BF0-8CE3BBE45D83} = {C8BE89EB-7854-4BCA-81EC-5DCECEF863B7}
		{8EAA731A-C88C-4A30-81B4-72CD18A8669B} = {9BBE4878-4F97-4123-AE04-8530B96D38DC}
		{23249FAA-2E8A-419C-A338-4973ADF0AF2C} = {9BBE4878-4F97-4123-AE04-8530B96D38DC}
		{B94123B0-ED63-475D-AB26-A7DF0758E687} = {8EAA731A-C88C-4A30-81B4-72CD18A8669B}
		{3CB379A8-C4B1-4739-98BE-0DC25F1DE2BB} = {304D4E46-BE03-4D41-85C1-82AF01EEED4F}
		{06433F41-1E29-4D02-9B7F-49CEAE8E123E} = {3CB379A8-C4B1-4739-98BE-0DC25F1DE2BB}
		{3102D84F-22E1-4AAE-A777-BB0BC4AB63FD} = {8EAA731A-C88C-4A30-81B4-72CD18A8669B}
		{B7B40E76-74EA-444C-87BE-767B228FFA49} = {8EAA731A-C88C-4A30-81B4-72CD18A8669B}
		{A37D13A3-EC25-4C4B-8624-9CCBE8B90C91} = {23249FAA-2E8A-419C-A338-4973ADF0AF2C}
		{EBBE6915-A4E8-4392-8272-C7F5CD40299F} = {23249FAA-2E8A-419C-A338-4973ADF0AF2C}
		{BA33BFA0-642F-4B10-B527-DE9F5B805B24} = {23249FAA-2E8A-419C-A338-4973ADF0AF2C}
		{275BA01A-1C4B-4033-BD8A-B063F8842719} = {23249FAA-2E8A-419C-A338-4973ADF0AF2C}
		{EAD7DBE4-FDFB-4780-A51B-5861897C1E54} = {8EAA731A-C88C-4A30-81B4-72CD18A8669B}
	EndGlobalSection
	GlobalSection(ExtensibilityGlobals) = postSolution
		SolutionGuid = {06EA90C4-7474-4173-B7ED-8BC2A7612AD7}
	EndGlobalSection
EndGlobal
